Microsoft Visual Studio Solution File, Format Version 12.00
# Visual Studio 15
VisualStudioVersion = 15.0.26403.0
MinimumVisualStudioVersion = 10.0.40219.1
Project("{FAE04EC0-301F-11D3-BF4B-00C04F79EFBC}") = "SimpleFactory", "SimpleFactory\SimpleFactory.csproj", "{B518D721-E759-44F3-88FD-69926159CCB9}"
EndProject
Project("{FAE04EC0-301F-11D3-BF4B-00C04F79EFBC}") = "FactoryMethod", "FactoryMethod\FactoryMethod.csproj", "{0CE0FF06-0F76-4090-8583-652954F9855C}"
EndProject
Project("{FAE04EC0-301F-11D3-BF4B-00C04F79EFBC}") = "AbstractFactory", "AbstractFactory\AbstractFactory.csproj", "{9426AB3B-B2A4-42FF-B3DF-7B736AB92316}"
EndProject
Project("{2150E333-8FDC-42A3-9474-1A3956D46DE8}") = "Factory", "Factory", "{2AD3022C-CCAB-4730-89E0-28008B1840C9}"
EndProject
Project("{2150E333-8FDC-42A3-9474-1A3956D46DE8}") = "Singleton", "Singleton", "{C7A91402-11C7-47F2-9672-C8FBC641CC66}"
EndProject
Project("{FAE04EC0-301F-11D3-BF4B-00C04F79EFBC}") = "Singleton", "Singleton\Singleton.csproj", "{02D93EF2-B573-4879-9FCA-0BA9893DA02B}"
EndProject
Project("{2150E333-8FDC-42A3-9474-1A3956D46DE8}") = "Builder", "Builder", "{AFCD3151-1E9B-4F41-B53B-D1ED7C7E2994}"
EndProject
Project("{FAE04EC0-301F-11D3-BF4B-00C04F79EFBC}") = "BuilderPatterns", "BuilderPatterns\BuilderPatterns.csproj", "{0AE02D34-B075-449E-B784-C769AFC234CC}"
EndProject
Project("{2150E333-8FDC-42A3-9474-1A3956D46DE8}") = "Prototype", "Prototype", "{071B76A3-5B93-4165-AEA1-5D517C730A42}"
EndProject
Project("{FAE04EC0-301F-11D3-BF4B-00C04F79EFBC}") = "PrototypePattern", "PrototypePattern\PrototypePattern.csproj", "{45363B26-603E-4BC7-B7B3-DC6F52101245}"
EndProject
Project("{2150E333-8FDC-42A3-9474-1A3956D46DE8}") = "Creational Pattern", "Creational Pattern", "{F1170F53-FED2-4CFB-AF7A-6C6057444555}"
EndProject
Project("{2150E333-8FDC-42A3-9474-1A3956D46DE8}") = "Structural Pattern", "Structural Pattern", "{C3DF63E7-30BC-4A51-973A-B50F09B6FD79}"
EndProject
Project("{2150E333-8FDC-42A3-9474-1A3956D46DE8}") = "Adapter", "Adapter", "{8177FEF5-9E26-4C4E-96FA-74597818321A}"
EndProject
Project("{FAE04EC0-301F-11D3-BF4B-00C04F79EFBC}") = "AdapterPattern", "AdapterPattern\AdapterPattern.csproj", "{75818A38-AC16-46A3-A0C7-E658A18A0239}"
EndProject
Project("{2150E333-8FDC-42A3-9474-1A3956D46DE8}") = "Bridge", "Bridge", "{A7AF3DEC-2C64-44C4-B301-4D3FB74DD982}"
EndProject
Project("{FAE04EC0-301F-11D3-BF4B-00C04F79EFBC}") = "BridgePattern", "BridgePattern\BridgePattern.csproj", "{C9412C55-3CF0-483D-BD8A-3F8D99F2639C}"
EndProject
Global
	GlobalSection(SolutionConfigurationPlatforms) = preSolution
		Debug|Any CPU = Debug|Any CPU
		Release|Any CPU = Release|Any CPU
	EndGlobalSection
	GlobalSection(ProjectConfigurationPlatforms) = postSolution
		{B518D721-E759-44F3-88FD-69926159CCB9}.Debug|Any CPU.ActiveCfg = Debug|Any CPU
		{B518D721-E759-44F3-88FD-69926159CCB9}.Debug|Any CPU.Build.0 = Debug|Any CPU
		{B518D721-E759-44F3-88FD-69926159CCB9}.Release|Any CPU.ActiveCfg = Release|Any CPU
		{B518D721-E759-44F3-88FD-69926159CCB9}.Release|Any CPU.Build.0 = Release|Any CPU
		{0CE0FF06-0F76-4090-8583-652954F9855C}.Debug|Any CPU.ActiveCfg = Debug|Any CPU
		{0CE0FF06-0F76-4090-8583-652954F9855C}.Debug|Any CPU.Build.0 = Debug|Any CPU
		{0CE0FF06-0F76-4090-8583-652954F9855C}.Release|Any CPU.ActiveCfg = Release|Any CPU
		{0CE0FF06-0F76-4090-8583-652954F9855C}.Release|Any CPU.Build.0 = Release|Any CPU
		{9426AB3B-B2A4-42FF-B3DF-7B736AB92316}.Debug|Any CPU.ActiveCfg = Debug|Any CPU
		{9426AB3B-B2A4-42FF-B3DF-7B736AB92316}.Debug|Any CPU.Build.0 = Debug|Any CPU
		{9426AB3B-B2A4-42FF-B3DF-7B736AB92316}.Release|Any CPU.ActiveCfg = Release|Any CPU
		{9426AB3B-B2A4-42FF-B3DF-7B736AB92316}.Release|Any CPU.Build.0 = Release|Any CPU
		{02D93EF2-B573-4879-9FCA-0BA9893DA02B}.Debug|Any CPU.ActiveCfg = Debug|Any CPU
		{02D93EF2-B573-4879-9FCA-0BA9893DA02B}.Debug|Any CPU.Build.0 = Debug|Any CPU
		{02D93EF2-B573-4879-9FCA-0BA9893DA02B}.Release|Any CPU.ActiveCfg = Release|Any CPU
		{02D93EF2-B573-4879-9FCA-0BA9893DA02B}.Release|Any CPU.Build.0 = Release|Any CPU
		{0AE02D34-B075-449E-B784-C769AFC234CC}.Debug|Any CPU.ActiveCfg = Debug|Any CPU
		{0AE02D34-B075-449E-B784-C769AFC234CC}.Debug|Any CPU.Build.0 = Debug|Any CPU
		{0AE02D34-B075-449E-B784-C769AFC234CC}.Release|Any CPU.ActiveCfg = Release|Any CPU
		{0AE02D34-B075-449E-B784-C769AFC234CC}.Release|Any CPU.Build.0 = Release|Any CPU
		{45363B26-603E-4BC7-B7B3-DC6F52101245}.Debug|Any CPU.ActiveCfg = Debug|Any CPU
		{45363B26-603E-4BC7-B7B3-DC6F52101245}.Debug|Any CPU.Build.0 = Debug|Any CPU
		{45363B26-603E-4BC7-B7B3-DC6F52101245}.Release|Any CPU.ActiveCfg = Release|Any CPU
		{45363B26-603E-4BC7-B7B3-DC6F52101245}.Release|Any CPU.Build.0 = Release|Any CPU
		{75818A38-AC16-46A3-A0C7-E658A18A0239}.Debug|Any CPU.ActiveCfg = Debug|Any CPU
		{75818A38-AC16-46A3-A0C7-E658A18A0239}.Debug|Any CPU.Build.0 = Debug|Any CPU
		{75818A38-AC16-46A3-A0C7-E658A18A0239}.Release|Any CPU.ActiveCfg = Release|Any CPU
		{75818A38-AC16-46A3-A0C7-E658A18A0239}.Release|Any CPU.Build.0 = Release|Any CPU
		{C9412C55-3CF0-483D-BD8A-3F8D99F2639C}.Debug|Any CPU.ActiveCfg = Debug|Any CPU
		{C9412C55-3CF0-483D-BD8A-3F8D99F2639C}.Debug|Any CPU.Build.0 = Debug|Any CPU
		{C9412C55-3CF0-483D-BD8A-3F8D99F2639C}.Release|Any CPU.ActiveCfg = Release|Any CPU
		{C9412C55-3CF0-483D-BD8A-3F8D99F2639C}.Release|Any CPU.Build.0 = Release|Any CPU
	EndGlobalSection
	GlobalSection(SolutionProperties) = preSolution
		HideSolutionNode = FALSE
	EndGlobalSection
	GlobalSection(NestedProjects) = preSolution
		{B518D721-E759-44F3-88FD-69926159CCB9} = {2AD3022C-CCAB-4730-89E0-28008B1840C9}
		{0CE0FF06-0F76-4090-8583-652954F9855C} = {2AD3022C-CCAB-4730-89E0-28008B1840C9}
		{9426AB3B-B2A4-42FF-B3DF-7B736AB92316} = {2AD3022C-CCAB-4730-89E0-28008B1840C9}
		{2AD3022C-CCAB-4730-89E0-28008B1840C9} = {F1170F53-FED2-4CFB-AF7A-6C6057444555}
		{C7A91402-11C7-47F2-9672-C8FBC641CC66} = {F1170F53-FED2-4CFB-AF7A-6C6057444555}
		{02D93EF2-B573-4879-9FCA-0BA9893DA02B} = {C7A91402-11C7-47F2-9672-C8FBC641CC66}
		{AFCD3151-1E9B-4F41-B53B-D1ED7C7E2994} = {F1170F53-FED2-4CFB-AF7A-6C6057444555}
		{0AE02D34-B075-449E-B784-C769AFC234CC} = {AFCD3151-1E9B-4F41-B53B-D1ED7C7E2994}
		{071B76A3-5B93-4165-AEA1-5D517C730A42} = {F1170F53-FED2-4CFB-AF7A-6C6057444555}
		{45363B26-603E-4BC7-B7B3-DC6F52101245} = {071B76A3-5B93-4165-AEA1-5D517C730A42}
		{8177FEF5-9E26-4C4E-96FA-74597818321A} = {C3DF63E7-30BC-4A51-973A-B50F09B6FD79}
		{75818A38-AC16-46A3-A0C7-E658A18A0239} = {8177FEF5-9E26-4C4E-96FA-74597818321A}
		{A7AF3DEC-2C64-44C4-B301-4D3FB74DD982} = {C3DF63E7-30BC-4A51-973A-B50F09B6FD79}
		{C9412C55-3CF0-483D-BD8A-3F8D99F2639C} = {A7AF3DEC-2C64-44C4-B301-4D3FB74DD982}
	EndGlobalSection
EndGlobal
